
Microsoft Visual Studio Solution File, Format Version 12.00
# Visual Studio 15
VisualStudioVersion = 15.0.26124.0
MinimumVisualStudioVersion = 15.0.26124.0
Project("{FAE04EC0-301F-11D3-BF4B-00C04F79EFBC}") = "Domain", "Domain\Domain.csproj", "{312A80D8-78EE-4DAF-8249-7A37E20FFD68}"
EndProject
Project("{FAE04EC0-301F-11D3-BF4B-00C04F79EFBC}") = "Persistence", "Persistence\Persistence.csproj", "{2A9988C9-407A-4053-BE7A-18400EBCBC2D}"
EndProject
Project("{FAE04EC0-301F-11D3-BF4B-00C04F79EFBC}") = "Application", "Application\Application.csproj", "{DBABAFE1-1BF9-4628-BF59-839DB17D9F45}"
EndProject
Project("{FAE04EC0-301F-11D3-BF4B-00C04F79EFBC}") = "Webapi", "Webapi\Webapi.csproj", "{019717CC-2E33-4900-B1E3-99550008361E}"
EndProject
Global
	GlobalSection(SolutionConfigurationPlatforms) = preSolution
		Debug|Any CPU = Debug|Any CPU
		Debug|x64 = Debug|x64
		Debug|x86 = Debug|x86
		Release|Any CPU = Release|Any CPU
		Release|x64 = Release|x64
		Release|x86 = Release|x86
	EndGlobalSection
	GlobalSection(SolutionProperties) = preSolution
		HideSolutionNode = FALSE
	EndGlobalSection
	GlobalSection(ProjectConfigurationPlatforms) = postSolution
		{312A80D8-78EE-4DAF-8249-7A37E20FFD68}.Debug|Any CPU.ActiveCfg = Debug|Any CPU
		{312A80D8-78EE-4DAF-8249-7A37E20FFD68}.Debug|Any CPU.Build.0 = Debug|Any CPU
		{312A80D8-78EE-4DAF-8249-7A37E20FFD68}.Debug|x64.ActiveCfg = Debug|Any CPU
		{312A80D8-78EE-4DAF-8249-7A37E20FFD68}.Debug|x64.Build.0 = Debug|Any CPU
		{312A80D8-78EE-4DAF-8249-7A37E20FFD68}.Debug|x86.ActiveCfg = Debug|Any CPU
		{312A80D8-78EE-4DAF-8249-7A37E20FFD68}.Debug|x86.Build.0 = Debug|Any CPU
		{312A80D8-78EE-4DAF-8249-7A37E20FFD68}.Release|Any CPU.ActiveCfg = Release|Any CPU
		{312A80D8-78EE-4DAF-8249-7A37E20FFD68}.Release|Any CPU.Build.0 = Release|Any CPU
		{312A80D8-78EE-4DAF-8249-7A37E20FFD68}.Release|x64.ActiveCfg = Release|Any CPU
		{312A80D8-78EE-4DAF-8249-7A37E20FFD68}.Release|x64.Build.0 = Release|Any CPU
		{312A80D8-78EE-4DAF-8249-7A37E20FFD68}.Release|x86.ActiveCfg = Release|Any CPU
		{312A80D8-78EE-4DAF-8249-7A37E20FFD68}.Release|x86.Build.0 = Release|Any CPU
		{2A9988C9-407A-4053-BE7A-18400EBCBC2D}.Debug|Any CPU.ActiveCfg = Debug|Any CPU
		{2A9988C9-407A-4053-BE7A-18400EBCBC2D}.Debug|Any CPU.Build.0 = Debug|Any CPU
		{2A9988C9-407A-4053-BE7A-18400EBCBC2D}.Debug|x64.ActiveCfg = Debug|Any CPU
		{2A9988C9-407A-4053-BE7A-18400EBCBC2D}.Debug|x64.Build.0 = Debug|Any CPU
		{2A9988C9-407A-4053-BE7A-18400EBCBC2D}.Debug|x86.ActiveCfg = Debug|Any CPU
		{2A9988C9-407A-4053-BE7A-18400EBCBC2D}.Debug|x86.Build.0 = Debug|Any CPU
		{2A9988C9-407A-4053-BE7A-18400EBCBC2D}.Release|Any CPU.ActiveCfg = Release|Any CPU
		{2A9988C9-407A-4053-BE7A-18400EBCBC2D}.Release|Any CPU.Build.0 = Release|Any CPU
		{2A9988C9-407A-4053-BE7A-18400EBCBC2D}.Release|x64.ActiveCfg = Release|Any CPU
		{2A9988C9-407A-4053-BE7A-18400EBCBC2D}.Release|x64.Build.0 = Release|Any CPU
		{2A9988C9-407A-4053-BE7A-18400EBCBC2D}.Release|x86.ActiveCfg = Release|Any CPU
		{2A9988C9-407A-4053-BE7A-18400EBCBC2D}.Release|x86.Build.0 = Release|Any CPU
		{DBABAFE1-1BF9-4628-BF59-839DB17D9F45}.Debug|Any CPU.ActiveCfg = Debug|Any CPU
		{DBABAFE1-1BF9-4628-BF59-839DB17D9F45}.Debug|Any CPU.Build.0 = Debug|Any CPU
		{DBABAFE1-1BF9-4628-BF59-839DB17D9F45}.Debug|x64.ActiveCfg = Debug|Any CPU
		{DBABAFE1-1BF9-4628-BF59-839DB17D9F45}.Debug|x64.Build.0 = Debug|Any CPU
		{DBABAFE1-1BF9-4628-BF59-839DB17D9F45}.Debug|x86.ActiveCfg = Debug|Any CPU
		{DBABAFE1-1BF9-4628-BF59-839DB17D9F45}.Debug|x86.Build.0 = Debug|Any CPU
		{DBABAFE1-1BF9-4628-BF59-839DB17D9F45}.Release|Any CPU.ActiveCfg = Release|Any CPU
		{DBABAFE1-1BF9-4628-BF59-839DB17D9F45}.Release|Any CPU.Build.0 = Release|Any CPU
		{DBABAFE1-1BF9-4628-BF59-839DB17D9F45}.Release|x64.ActiveCfg = Release|Any CPU
		{DBABAFE1-1BF9-4628-BF59-839DB17D9F45}.Release|x64.Build.0 = Release|Any CPU
		{DBABAFE1-1BF9-4628-BF59-839DB17D9F45}.Release|x86.ActiveCfg = Release|Any CPU
		{DBABAFE1-1BF9-4628-BF59-839DB17D9F45}.Release|x86.Build.0 = Release|Any CPU
		{019717CC-2E33-4900-B1E3-99550008361E}.Debug|Any CPU.ActiveCfg = Debug|Any CPU
		{019717CC-2E33-4900-B1E3-99550008361E}.Debug|Any CPU.Build.0 = Debug|Any CPU
		{019717CC-2E33-4900-B1E3-99550008361E}.Debug|x64.ActiveCfg = Debug|Any CPU
		{019717CC-2E33-4900-B1E3-99550008361E}.Debug|x64.Build.0 = Debug|Any CPU
		{019717CC-2E33-4900-B1E3-99550008361E}.Debug|x86.ActiveCfg = Debug|Any CPU
		{019717CC-2E33-4900-B1E3-99550008361E}.Debug|x86.Build.0 = Debug|Any CPU
		{019717CC-2E33-4900-B1E3-99550008361E}.Release|Any CPU.ActiveCfg = Release|Any CPU
		{019717CC-2E33-4900-B1E3-99550008361E}.Release|Any CPU.Build.0 = Release|Any CPU
		{019717CC-2E33-4900-B1E3-99550008361E}.Release|x64.ActiveCfg = Release|Any CPU
		{019717CC-2E33-4900-B1E3-99550008361E}.Release|x64.Build.0 = Release|Any CPU
		{019717CC-2E33-4900-B1E3-99550008361E}.Release|x86.ActiveCfg = Release|Any CPU
		{019717CC-2E33-4900-B1E3-99550008361E}.Release|x86.Build.0 = Release|Any CPU
	EndGlobalSection
EndGlobal
